{
  "name": "frosh-share-basket",
  "version": "1.0.0",
  "lockfileVersion": 3,
  "requires": true,
  "packages": {
    "": {
      "name": "frosh-share-basket",
      "version": "1.0.0",
      "license": "MIT",
      "dependencies": {
        "@friendsofshopware/storefront-sdk": "^0.1.0"
      }
    },
    "node_modules/@friendsofshopware/storefront-sdk": {
      "version": "0.1.0",
      "resolved": "https://registry.npmjs.org/@friendsofshopware/storefront-sdk/-/storefront-sdk-0.1.0.tgz",
      "integrity": "sha512-k4H1EzVhUwQa+bKQ9dF3IRt9CpprrBjkqSwX+NGltv4Q3SuQuTU0vFBTvMtSEnSowVVjz8gbDcKGFr97doxCBw==",
      "dependencies": {
        "deepmerge": "^4.3.1"
      }
    },
    "node_modules/deepmerge": {
      "version": "4.3.1",
      "resolved": "https://registry.npmjs.org/deepmerge/-/deepmerge-4.3.1.tgz",
      "integrity": "sha512-3sUqbMEc77XqpdNO7FRyRog+eW3ph+GYCbj+rK+uYyRMuwsVy0rMiVtPn+QJlKFvWP/1PYpapqYn0Me2knFn+A==",
      "engines": {
        "node": ">=0.10.0"
      }
    }
  }
}
