{
  "name": "frosh-share-basket",
  "version": "1.0.0",
  "lockfileVersion": 3,
  "requires": true,
  "packages": {
    "": {
      "name": "frosh-share-basket",
      "version": "1.0.0",
      "license": "MIT",
      "dependencies": {
        "@friendsofshopware/storefront-types": "^0.1.1"
      }
    },
    "node_modules/@friendsofshopware/storefront-types": {
      "version": "0.1.1",
      "resolved": "https://registry.npmjs.org/@friendsofshopware/storefront-types/-/storefront-types-0.1.1.tgz",
      "integrity": "sha512-XlMaYMjSbzGoT78YCV9UAPfNT1dhSpu9X3EGrw8WTh1U8hvJSh6lohI9H23Hr8dMKrJ0rmDwQJ/KEGtpokV81w=="
    },
    "shopware-storefront-sdk/types": {
      "name": "@friendsofshopware/storefront-types",
      "version": "0.1.1",
      "extraneous": true,
      "license": "MIT"
    }
  }
}
